{
  "originHash" : "ef78e9ff67b5c40d1dfcb0885164bb30861c458edbfaaa20e0059f084a870a6b",
  "pins" : [
    {
      "identity" : "moonshine-swift",
      "kind" : "remoteSourceControl",
      "location" : "https://github.com/moonshine-ai/moonshine-swift.git",
      "state" : {
        "revision" : "45a14f9edf1f2a6913d3aff38c1fd4e72d5b7daa"
      }
    }
  ],
  "version" : 3
}
